Microsoft Visual Studio Solution File, Format Version 12.00
# Visual Studio Version 17
VisualStudioVersion = 17.4.33205.214
MinimumVisualStudioVersion = 16.0.0.0
Project("{9A19103F-16F7-4668-BE54-9A1E7A4F7556}") = "mstodo-clone.Server", "Server\mstodo-clone.Server.csproj", "{0463C53D-0D65-46C4-B8DB-CDFD6E13CF0F}"
EndProject
Project("{9A19103F-16F7-4668-BE54-9A1E7A4F7556}") = "mstodo-clone.Client", "Client\mstodo-clone.Client.csproj", "{C4970457-617E-406A-9DC4-314911D1A2AE}"
EndProject
Project("{9A19103F-16F7-4668-BE54-9A1E7A4F7556}") = "mstodo-clone.Shared", "Shared\mstodo-clone.Shared.csproj", "{DCA4AEC2-371B-4D67-B77D-5ACD16C340CE}"
EndProject
Global
	GlobalSection(SolutionConfigurationPlatforms) = preSolution
		Debug|Any CPU = Debug|Any CPU
		Debug|x64 = Debug|x64
		Debug|x86 = Debug|x86
		Release|Any CPU = Release|Any CPU
		Release|x64 = Release|x64
		Release|x86 = Release|x86
	EndGlobalSection
	GlobalSection(ProjectConfigurationPlatforms) = postSolution
		{0463C53D-0D65-46C4-B8DB-CDFD6E13CF0F}.Debug|Any CPU.ActiveCfg = Debug|Any CPU
		{0463C53D-0D65-46C4-B8DB-CDFD6E13CF0F}.Debug|Any CPU.Build.0 = Debug|Any CPU
		{0463C53D-0D65-46C4-B8DB-CDFD6E13CF0F}.Debug|x64.ActiveCfg = Debug|Any CPU
		{0463C53D-0D65-46C4-B8DB-CDFD6E13CF0F}.Debug|x64.Build.0 = Debug|Any CPU
		{0463C53D-0D65-46C4-B8DB-CDFD6E13CF0F}.Debug|x86.ActiveCfg = Debug|Any CPU
		{0463C53D-0D65-46C4-B8DB-CDFD6E13CF0F}.Debug|x86.Build.0 = Debug|Any CPU
		{0463C53D-0D65-46C4-B8DB-CDFD6E13CF0F}.Release|Any CPU.ActiveCfg = Release|Any CPU
		{0463C53D-0D65-46C4-B8DB-CDFD6E13CF0F}.Release|Any CPU.Build.0 = Release|Any CPU
		{0463C53D-0D65-46C4-B8DB-CDFD6E13CF0F}.Release|x64.ActiveCfg = Release|Any CPU
		{0463C53D-0D65-46C4-B8DB-CDFD6E13CF0F}.Release|x64.Build.0 = Release|Any CPU
		{0463C53D-0D65-46C4-B8DB-CDFD6E13CF0F}.Release|x86.ActiveCfg = Release|Any CPU
		{0463C53D-0D65-46C4-B8DB-CDFD6E13CF0F}.Release|x86.Build.0 = Release|Any CPU
		{C4970457-617E-406A-9DC4-314911D1A2AE}.Debug|Any CPU.ActiveCfg = Debug|Any CPU
		{C4970457-617E-406A-9DC4-314911D1A2AE}.Debug|Any CPU.Build.0 = Debug|Any CPU
		{C4970457-617E-406A-9DC4-314911D1A2AE}.Debug|x64.ActiveCfg = Debug|Any CPU
		{C4970457-617E-406A-9DC4-314911D1A2AE}.Debug|x64.Build.0 = Debug|Any CPU
		{C4970457-617E-406A-9DC4-314911D1A2AE}.Debug|x86.ActiveCfg = Debug|Any CPU
		{C4970457-617E-406A-9DC4-314911D1A2AE}.Debug|x86.Build.0 = Debug|Any CPU
		{C4970457-617E-406A-9DC4-314911D1A2AE}.Release|Any CPU.ActiveCfg = Release|Any CPU
		{C4970457-617E-406A-9DC4-314911D1A2AE}.Release|Any CPU.Build.0 = Release|Any CPU
		{C4970457-617E-406A-9DC4-314911D1A2AE}.Release|x64.ActiveCfg = Release|Any CPU
		{C4970457-617E-406A-9DC4-314911D1A2AE}.Release|x64.Build.0 = Release|Any CPU
		{C4970457-617E-406A-9DC4-314911D1A2AE}.Release|x86.ActiveCfg = Release|Any CPU
		{C4970457-617E-406A-9DC4-314911D1A2AE}.Release|x86.Build.0 = Release|Any CPU
		{DCA4AEC2-371B-4D67-B77D-5ACD16C340CE}.Debug|Any CPU.ActiveCfg = Debug|Any CPU
		{DCA4AEC2-371B-4D67-B77D-5ACD16C340CE}.Debug|Any CPU.Build.0 = Debug|Any CPU
		{DCA4AEC2-371B-4D67-B77D-5ACD16C340CE}.Debug|x64.ActiveCfg = Debug|Any CPU
		{DCA4AEC2-371B-4D67-B77D-5ACD16C340CE}.Debug|x64.Build.0 = Debug|Any CPU
		{DCA4AEC2-371B-4D67-B77D-5ACD16C340CE}.Debug|x86.ActiveCfg = Debug|Any CPU
		{DCA4AEC2-371B-4D67-B77D-5ACD16C340CE}.Debug|x86.Build.0 = Debug|Any CPU
		{DCA4AEC2-371B-4D67-B77D-5ACD16C340CE}.Release|Any CPU.ActiveCfg = Release|Any CPU
		{DCA4AEC2-371B-4D67-B77D-5ACD16C340CE}.Release|Any CPU.Build.0 = Release|Any CPU
		{DCA4AEC2-371B-4D67-B77D-5ACD16C340CE}.Release|x64.ActiveCfg = Release|Any CPU
		{DCA4AEC2-371B-4D67-B77D-5ACD16C340CE}.Release|x64.Build.0 = Release|Any CPU
		{DCA4AEC2-371B-4D67-B77D-5ACD16C340CE}.Release|x86.ActiveCfg = Release|Any CPU
		{DCA4AEC2-371B-4D67-B77D-5ACD16C340CE}.Release|x86.Build.0 = Release|Any CPU
	EndGlobalSection
	GlobalSection(SolutionProperties) = preSolution
		HideSolutionNode = FALSE
	EndGlobalSection
	GlobalSection(ExtensibilityGlobals) = postSolution
		SolutionGuid = {01E6C3A3-F3A4-42D8-8656-7466E9B2A46B}
	EndGlobalSection
EndGlobal
